
Microsoft Visual Studio Solution File, Format Version 12.00
# Visual Studio Version 17
VisualStudioVersion = 17.13.35931.197 d17.13
MinimumVisualStudioVersion = 10.0.40219.1
Project("{FAE04EC0-301F-11D3-BF4B-00C04F79EFBC}") = "Jogo", "Jogo\Jogo.csproj", "{EDB08028-55AF-49FF-813A-F12CFAE3824A}"
EndProject
Global
	GlobalSection(SolutionConfigurationPlatforms) = preSolution
		Debug|Any CPU = Debug|Any CPU
		Release|Any CPU = Release|Any CPU
	EndGlobalSection
	GlobalSection(ProjectConfigurationPlatforms) = postSolution
		{EDB08028-55AF-49FF-813A-F12CFAE3824A}.Debug|Any CPU.ActiveCfg = Debug|Any CPU
		{EDB08028-55AF-49FF-813A-F12CFAE3824A}.Debug|Any CPU.Build.0 = Debug|Any CPU
		{EDB08028-55AF-49FF-813A-F12CFAE3824A}.Release|Any CPU.ActiveCfg = Release|Any CPU
		{EDB08028-55AF-49FF-813A-F12CFAE3824A}.Release|Any CPU.Build.0 = Release|Any CPU
	EndGlobalSection
	GlobalSection(SolutionProperties) = preSolution
		HideSolutionNode = FALSE
	EndGlobalSection
	GlobalSection(ExtensibilityGlobals) = postSolution
		SolutionGuid = {51718C2A-CBBB-4328-BCCF-B41BBA90E919}
	EndGlobalSection
EndGlobal
